
Microsoft Visual Studio Solution File, Format Version 12.00
# Visual Studio Version 17
VisualStudioVersion = 17.9.34728.123
MinimumVisualStudioVersion = 10.0.40219.1
Project("{FAE04EC0-301F-11D3-BF4B-00C04F79EFBC}") = "FinancialGoalsManager", "FinancialGoalsManager\FinancialGoalsManager.csproj", "{9367F669-516D-4FBD-ACEF-0E4A7B0AE496}"
EndProject
Global
	GlobalSection(SolutionConfigurationPlatforms) = preSolution
		Debug|Any CPU = Debug|Any CPU
		Release|Any CPU = Release|Any CPU
	EndGlobalSection
	GlobalSection(ProjectConfigurationPlatforms) = postSolution
		{9367F669-516D-4FBD-ACEF-0E4A7B0AE496}.Debug|Any CPU.ActiveCfg = Debug|Any CPU
		{9367F669-516D-4FBD-ACEF-0E4A7B0AE496}.Debug|Any CPU.Build.0 = Debug|Any CPU
		{9367F669-516D-4FBD-ACEF-0E4A7B0AE496}.Release|Any CPU.ActiveCfg = Release|Any CPU
		{9367F669-516D-4FBD-ACEF-0E4A7B0AE496}.Release|Any CPU.Build.0 = Release|Any CPU
	EndGlobalSection
	GlobalSection(SolutionProperties) = preSolution
		HideSolutionNode = FALSE
	EndGlobalSection
	GlobalSection(ExtensibilityGlobals) = postSolution
		SolutionGuid = {FCEDEAC6-B06F-4B16-B612-7C97B06CAB60}
	EndGlobalSection
EndGlobal
