
Microsoft Visual Studio Solution File, Format Version 12.00
# Visual Studio Version 17
VisualStudioVersion = 17.9.34728.123
MinimumVisualStudioVersion = 10.0.40219.1
Project("{9A19103F-16F7-4668-BE54-9A1E7A4F7556}") = "FinancialGoalsManager.Api", "FinancialGoalsManager\FinancialGoalsManager.Api.csproj", "{9367F669-516D-4FBD-ACEF-0E4A7B0AE496}"
EndProject
Project("{9A19103F-16F7-4668-BE54-9A1E7A4F7556}") = "FinancialGoalsManager.Application", "FinancialGoalsManager.Application\FinancialGoalsManager.Application.csproj", "{167DD327-8F16-414B-ADBF-DAB425FB1DA7}"
EndProject
Project("{9A19103F-16F7-4668-BE54-9A1E7A4F7556}") = "FinancialGoalsManager.Infrastructure", "FinancialGoalsManager.Infrastructure\FinancialGoalsManager.Infrastructure.csproj", "{2305E6F5-4AF6-4C9E-B89A-25750E9371FA}"
EndProject
Project("{FAE04EC0-301F-11D3-BF4B-00C04F79EFBC}") = "FinancialGoalsManager.Core", "FinancialGoalsManager.Core\FinancialGoalsManager.Core.csproj", "{63DE516F-19FB-417B-AA30-67DFC1699B7D}"
EndProject
Global
	GlobalSection(SolutionConfigurationPlatforms) = preSolution
		Debug|Any CPU = Debug|Any CPU
		Release|Any CPU = Release|Any CPU
	EndGlobalSection
	GlobalSection(ProjectConfigurationPlatforms) = postSolution
		{9367F669-516D-4FBD-ACEF-0E4A7B0AE496}.Debug|Any CPU.ActiveCfg = Debug|Any CPU
		{9367F669-516D-4FBD-ACEF-0E4A7B0AE496}.Debug|Any CPU.Build.0 = Debug|Any CPU
		{9367F669-516D-4FBD-ACEF-0E4A7B0AE496}.Release|Any CPU.ActiveCfg = Release|Any CPU
		{9367F669-516D-4FBD-ACEF-0E4A7B0AE496}.Release|Any CPU.Build.0 = Release|Any CPU
		{167DD327-8F16-414B-ADBF-DAB425FB1DA7}.Debug|Any CPU.ActiveCfg = Debug|Any CPU
		{167DD327-8F16-414B-ADBF-DAB425FB1DA7}.Debug|Any CPU.Build.0 = Debug|Any CPU
		{167DD327-8F16-414B-ADBF-DAB425FB1DA7}.Release|Any CPU.ActiveCfg = Release|Any CPU
		{167DD327-8F16-414B-ADBF-DAB425FB1DA7}.Release|Any CPU.Build.0 = Release|Any CPU
		{2305E6F5-4AF6-4C9E-B89A-25750E9371FA}.Debug|Any CPU.ActiveCfg = Debug|Any CPU
		{2305E6F5-4AF6-4C9E-B89A-25750E9371FA}.Debug|Any CPU.Build.0 = Debug|Any CPU
		{2305E6F5-4AF6-4C9E-B89A-25750E9371FA}.Release|Any CPU.ActiveCfg = Release|Any CPU
		{2305E6F5-4AF6-4C9E-B89A-25750E9371FA}.Release|Any CPU.Build.0 = Release|Any CPU
		{63DE516F-19FB-417B-AA30-67DFC1699B7D}.Debug|Any CPU.ActiveCfg = Debug|Any CPU
		{63DE516F-19FB-417B-AA30-67DFC1699B7D}.Debug|Any CPU.Build.0 = Debug|Any CPU
		{63DE516F-19FB-417B-AA30-67DFC1699B7D}.Release|Any CPU.ActiveCfg = Release|Any CPU
		{63DE516F-19FB-417B-AA30-67DFC1699B7D}.Release|Any CPU.Build.0 = Release|Any CPU
	EndGlobalSection
	GlobalSection(SolutionProperties) = preSolution
		HideSolutionNode = FALSE
	EndGlobalSection
	GlobalSection(ExtensibilityGlobals) = postSolution
		SolutionGuid = {FCEDEAC6-B06F-4B16-B612-7C97B06CAB60}
	EndGlobalSection
EndGlobal
